<?xml version="1.0" encoding="utf-8"?>
<Project ToolsVersion="4.0" xmlns="http://schemas.microsoft.com/developer/msbuild/2003">
  <ItemGroup>
    <ClCompile Include="src\Cancel.c">
      <Filter>Source Files</Filter>
    </ClCompile>
    <ClCompile Include="src\Clock.c">
      <Filter>Source Files</Filter>
    </ClCompile>
    <ClCompile Include="src\Entropy.c">
      <Filter>Source Files</Filter>
    </ClCompile>
    <ClCompile Include="src\LocalityPlat.c">
      <Filter>Source Files</Filter>
    </ClCompile>
    <ClCompile Include="src\NVMem.c">
      <Filter>Source Files</Filter>
    </ClCompile>
    <ClCompile Include="src\PlatformData.c">
      <Filter>Source Files</Filter>
    </ClCompile>
    <ClCompile Include="src\PowerPlat.c">
      <Filter>Source Files</Filter>
    </ClCompile>
    <ClCompile Include="src\PPPlat.c">
      <Filter>Source Files</Filter>
    </ClCompile>
    <ClCompile Include="src\RunCommand.c">
      <Filter>Source Files</Filter>
    </ClCompile>
    <ClCompile Include="src\Unique.c">
      <Filter>Source Files</Filter>
    </ClCompile>
    <ClCompile Include="src\DebugHelpers.c">
      <Filter>Source Files</Filter>
    </ClCompile>
    <ClCompile Include="src\PlatformACT.c">
      <Filter>Source Files</Filter>
    </ClCompile>
  </ItemGroup>
  <ItemGroup>
    <Filter Include="Source Files">
      <UniqueIdentifier>{4303d7e7-8154-4a7c-9c6b-0df9b7e6447f}</UniqueIdentifier>
    </Filter>
    <Filter Include="Headers">
      <UniqueIdentifier>{c7765704-4071-4d43-b451-b1dc177da099}</UniqueIdentifier>
    </Filter>
    <Filter Include="Headers\prototypes">
      <UniqueIdentifier>{356cc198-cb6e-4dbb-bf4f-b203b6e3fdb0}</UniqueIdentifier>
    </Filter>
  </ItemGroup>
  <ItemGroup>
    <ClInclude Include="include\PlatformData.h">
      <Filter>Headers</Filter>
    </ClInclude>
    <ClInclude Include="include\prototypes\Platform_fp.h">
      <Filter>Headers\prototypes</Filter>
    </ClInclude>
    <ClInclude Include="include\Platform.h">
      <Filter>Headers</Filter>
    </ClInclude>
    <ClInclude Include="include\PlatformClock.h">
      <Filter>Headers</Filter>
    </ClInclude>
  </ItemGroup>
</Project>